
Microsoft Visual Studio Solution File, Format Version 12.00
# Visual Studio Version 17
VisualStudioVersion = 17.11.35327.3
MinimumVisualStudioVersion = 10.0.40219.1
Project("{FAE04EC0-301F-11D3-BF4B-00C04F79EFBC}") = "ImageAnomalyDetection", "ImageAnomalyDetection\ImageAnomalyDetection.csproj", "{D1303885-B6F7-4361-BA5E-377986406216}"
EndProject
Global
	GlobalSection(SolutionConfigurationPlatforms) = preSolution
		Debug|Any CPU = Debug|Any CPU
		Release|Any CPU = Release|Any CPU
	EndGlobalSection
	GlobalSection(ProjectConfigurationPlatforms) = postSolution
		{D1303885-B6F7-4361-BA5E-377986406216}.Debug|Any CPU.ActiveCfg = Debug|Any CPU
		{D1303885-B6F7-4361-BA5E-377986406216}.Debug|Any CPU.Build.0 = Debug|Any CPU
		{D1303885-B6F7-4361-BA5E-377986406216}.Release|Any CPU.ActiveCfg = Release|Any CPU
		{D1303885-B6F7-4361-BA5E-377986406216}.Release|Any CPU.Build.0 = Release|Any CPU
	EndGlobalSection
	GlobalSection(SolutionProperties) = preSolution
		HideSolutionNode = FALSE
	EndGlobalSection
	GlobalSection(ExtensibilityGlobals) = postSolution
		SolutionGuid = {51E99FBF-24FA-4BB5-A86C-35DCFFDEFD2D}
	EndGlobalSection
EndGlobal
